# This file is autogenerated, do not edit; changes may be undone by the next 'dep ensure'.


[[projects]]
  name = "github.com/sirupsen/logrus"
  packages = ["."]
  revision = "c155da19408a8799da419ed3eeb0cb5db0ad5dbc"
  version = "v1.0.5"

[[projects]]
  branch = "master"
  name = "golang.org/x/crypto"
  packages = ["ssh/terminal"]
  revision = "beb2a9779c3b677077c41673505f150149fce895"

[[projects]]
  branch = "master"
  name = "golang.org/x/sys"
  packages = [
    "unix",
    "windows"
  ]
  revision = "3b87a42e500a6dc65dae1a55d0b641295971163e"

[solve-meta]
  analyzer-name = "dep"
  analyzer-version = 1
  inputs-digest = "f0abeb920368b3b2e50d99f6e5705f0ad6ccd5f7e708f639b6c1fa0820364a22"
  solver-name = "gps-cdcl"
  solver-version = 1
